// !$*UTF8*$!
{
	archiveVersion = 1;
	classes = {
	};
	objectVersion = 46;
	objects = {

/* Begin PBXBuildFile section */
		CE6C695416F0932E0094CFA1 /* UIKit.framework in Frameworks */ = {isa = PBXBuildFile; fileRef = CE6C695316F0932E0094CFA1 /* UIKit.framework */; };
		CE6C695616F0932E0094CFA1 /* Foundation.framework in Frameworks */ = {isa = PBXBuildFile; fileRef = CE6C695516F0932E0094CFA1 /* Foundation.framework */; };
		CE6C695816F0932E0094CFA1 /* CoreGraphics.framework in Frameworks */ = {isa = PBXBuildFile; fileRef = CE6C695716F0932E0094CFA1 /* CoreGraphics.framework */; };
		CE6C695E16F0932E0094CFA1 /* InfoPlist.strings in Resources */ = {isa = PBXBuildFile; fileRef = CE6C695C16F0932E0094CFA1 /* InfoPlist.strings */; };
		CE6C696016F0932E0094CFA1 /* main.m in Sources */ = {isa = PBXBuildFile; fileRef = CE6C695F16F0932E0094CFA1 /* main.m */; };
		CE6C696416F0932E0094CFA1 /* l2AppDelegate.m in Sources */ = {isa = PBXBuildFile; fileRef = CE6C696316F0932E0094CFA1 /* l2AppDelegate.m */; };
		CE6C696616F0932E0094CFA1 /* Default.png in Resources */ = {isa = PBXBuildFile; fileRef = CE6C696516F0932E0094CFA1 /* Default.png */; };
		CE6C696816F0932E0094CFA1 /* Default@2x.png in Resources */ = {isa = PBXBuildFile; fileRef = CE6C696716F0932E0094CFA1 /* Default@2x.png */; };
		CE6C696A16F0932E0094CFA1 /* Default-568h@2x.png in Resources */ = {isa = PBXBuildFile; fileRef = CE6C696916F0932E0094CFA1 /* Default-568h@2x.png */; };
		CE6C696D16F0932E0094CFA1 /* l2ViewController.m in Sources */ = {isa = PBXBuildFile; fileRef = CE6C696C16F0932E0094CFA1 /* l2ViewController.m */; };
		CE6C697016F0932E0094CFA1 /* l2ViewController.xib in Resources */ = {isa = PBXBuildFile; fileRef = CE6C696E16F0932E0094CFA1 /* l2ViewController.xib */; };
/* End PBXBuildFile section */

/* Begin PBXFileReference section */
		CE6C695016F0932E0094CFA1 /* l2.app */ = {isa = PBXFileReference; explicitFileType = wrapper.application; includeInIndex = 0; path = l2.app; sourceTree = BUILT_PRODUCTS_DIR; };
		CE6C695316F0932E0094CFA1 /* UIKit.framework */ = {isa = PBXFileReference; lastKnownFileType = wrapper.framework; name = UIKit.framework; path = System/Library/Frameworks/UIKit.framework; sourceTree = SDKROOT; };
		CE6C695516F0932E0094CFA1 /* Foundation.framework */ = {isa = PBXFileReference; lastKnownFileType = wrapper.framework; name = Foundation.framework; path = System/Library/Frameworks/Foundation.framework; sourceTree = SDKROOT; };
		CE6C695716F0932E0094CFA1 /* CoreGraphics.framework */ = {isa = PBXFileReference; lastKnownFileType = wrapper.framework; name = CoreGraphics.framework; path = System/Library/Frameworks/CoreGraphics.framework; sourceTree = SDKROOT; };
		CE6C695B16F0932E0094CFA1 /* l2-Info.plist */ = {isa = PBXFileReference; lastKnownFileType = text.plist.xml; path = "l2-Info.plist"; sourceTree = "<group>"; };
		CE6C695D16F0932E0094CFA1 /* en */ = {isa = PBXFileReference; lastKnownFileType = text.plist.strings; name = en; path = en.lproj/InfoPlist.strings; sourceTree = "<group>"; };
		CE6C695F16F0932E0094CFA1 /* main.m */ = {isa = PBXFileReference; lastKnownFileType = sourcecode.c.objc; path = main.m; sourceTree = "<group>"; };
		CE6C696116F0932E0094CFA1 /* l2-Prefix.pch */ = {isa = PBXFileReference; lastKnownFileType = sourcecode.c.h; path = "l2-Prefix.pch"; sourceTree = "<group>"; };
		CE6C696216F0932E0094CFA1 /* l2AppDelegate.h */ = {isa = PBXFileReference; lastKnownFileType = sourcecode.c.h; path = l2AppDelegate.h; sourceTree = "<group>"; };
		CE6C696316F0932E0094CFA1 /* l2AppDelegate.m */ = {isa = PBXFileReference; lastKnownFileType = sourcecode.c.objc; path = l2AppDelegate.m; sourceTree = "<group>"; };
		CE6C696516F0932E0094CFA1 /* Default.png */ = {isa = PBXFileReference; lastKnownFileType = image.png; path = Default.png; sourceTree = "<group>"; };
		CE6C696716F0932E0094CFA1 /* Default@2x.png */ = {isa = PBXFileReference; lastKnownFileType = image.png; path = "Default@2x.png"; sourceTree = "<group>"; };
		CE6C696916F0932E0094CFA1 /* Default-568h@2x.png */ = {isa = PBXFileReference; lastKnownFileType = image.png; path = "Default-568h@2x.png"; sourceTree = "<group>"; };
		CE6C696B16F0932E0094CFA1 /* l2ViewController.h */ = {isa = PBXFileReference; lastKnownFileType = sourcecode.c.h; path = l2ViewController.h; sourceTree = "<group>"; };
		CE6C696C16F0932E0094CFA1 /* l2ViewController.m */ = {isa = PBXFileReference; lastKnownFileType = sourcecode.c.objc; path = l2ViewController.m; sourceTree = "<group>"; };
		CE6C696F16F0932E0094CFA1 /* en */ = {isa = PBXFileReference; lastKnownFileType = file.xib; name = en; path = en.lproj/l2ViewController.xib; sourceTree = "<group>"; };
/* End PBXFileReference section */

/* Begin PBXFrameworksBuildPhase section */
		CE6C694D16F0932E0094CFA1 /* Frameworks */ = {
			isa = PBXFrameworksBuildPhase;
			buildActionMask = 2147483647;
			files = (
				CE6C695416F0932E0094CFA1 /* UIKit.framework in Frameworks */,
				CE6C695616F0932E0094CFA1 /* Foundation.framework in Frameworks */,
				CE6C695816F0932E0094CFA1 /* CoreGraphics.framework in Frameworks */,
			);
			runOnlyForDeploymentPostprocessing = 0;
		};
/* End PBXFrameworksBuildPhase section */

/* Begin PBXGroup section */
		CE6C694716F0932E0094CFA1 = {
			isa = PBXGroup;
			children = (
				CE6C695916F0932E0094CFA1 /* l2 */,
				CE6C695216F0932E0094CFA1 /* Frameworks */,
				CE6C695116F0932E0094CFA1 /* Products */,
			);
			sourceTree = "<group>";
		};
		CE6C695116F0932E0094CFA1 /* Products */ = {
			isa = PBXGroup;
			children = (
				CE6C695016F0932E0094CFA1 /* l2.app */,
			);
			name = Products;
			sourceTree = "<group>";
		};
		CE6C695216F0932E0094CFA1 /* Frameworks */ = {
			isa = PBXGroup;
			children = (
				CE6C695316F0932E0094CFA1 /* UIKit.framework */,
				CE6C695516F0932E0094CFA1 /* Foundation.framework */,
				CE6C695716F0932E0094CFA1 /* CoreGraphics.framework */,
			);
			name = Frameworks;
			sourceTree = "<group>";
		};
		CE6C695916F0932E0094CFA1 /* l2 */ = {
			isa = PBXGroup;
			children = (
				CE6C696216F0932E0094CFA1 /* l2AppDelegate.h */,
				CE6C696316F0932E0094CFA1 /* l2AppDelegate.m */,
				CE6C696B16F0932E0094CFA1 /* l2ViewController.h */,
				CE6C696C16F0932E0094CFA1 /* l2ViewController.m */,
				CE6C696E16F0932E0094CFA1 /* l2ViewController.xib */,
				CE6C695A16F0932E0094CFA1 /* Supporting Files */,
			);
			path = l2;
			sourceTree = "<group>";
		};
		CE6C695A16F0932E0094CFA1 /* Supporting Files */ = {
			isa = PBXGroup;
			children = (
				CE6C697616F0997E0094CFA1 /* Resources */,
				CE6C695B16F0932E0094CFA1 /* l2-Info.plist */,
				CE6C695C16F0932E0094CFA1 /* InfoPlist.strings */,
				CE6C695F16F0932E0094CFA1 /* main.m */,
				CE6C696116F0932E0094CFA1 /* l2-Prefix.pch */,
				CE6C696516F0932E0094CFA1 /* Default.png */,
				CE6C696716F0932E0094CFA1 /* Default@2x.png */,
				CE6C696916F0932E0094CFA1 /* Default-568h@2x.png */,
			);
			name = "Supporting Files";
			sourceTree = "<group>";
		};
		CE6C697616F0997E0094CFA1 /* Resources */ = {
			isa = PBXGroup;
			children = (
			);
			name = Resources;
			sourceTree = "<group>";
		};
/* End PBXGroup section */

/* Begin PBXNativeTarget section */
		CE6C694F16F0932E0094CFA1 /* l2 */ = {
			isa = PBXNativeTarget;
			buildConfigurationList = CE6C697316F0932E0094CFA1 /* Build configuration list for PBXNativeTarget "l2" */;
			buildPhases = (
				CE6C694C16F0932E0094CFA1 /* Sources */,
				CE6C694D16F0932E0094CFA1 /* Frameworks */,
				CE6C694E16F0932E0094CFA1 /* Resources */,
			);
			buildRules = (
			);
			dependencies = (
			);
			name = l2;
			productName = l2;
			productReference = CE6C695016F0932E0094CFA1 /* l2.app */;
			productType = "com.apple.product-type.application";
		};
/* End PBXNativeTarget section */

/* Begin PBXProject section */
		CE6C694816F0932E0094CFA1 /* Project object */ = {
			isa = PBXProject;
			attributes = {
				CLASSPREFIX = l2;
				LastUpgradeCheck = 0460;
				ORGANIZATIONNAME = petercpg;
			};
			buildConfigurationList = CE6C694B16F0932E0094CFA1 /* Build configuration list for PBXProject "l2" */;
			compatibilityVersion = "Xcode 3.2";
			developmentRegion = English;
			hasScannedForEncodings = 0;
			knownRegions = (
				en,
			);
			mainGroup = CE6C694716F0932E0094CFA1;
			productRefGroup = CE6C695116F0932E0094CFA1 /* Products */;
			projectDirPath = "";
			projectRoot = "";
			targets = (
				CE6C694F16F0932E0094CFA1 /* l2 */,
			);
		};
/* End PBXProject section */

/* Begin PBXResourcesBuildPhase section */
		CE6C694E16F0932E0094CFA1 /* Resources */ = {
			isa = PBXResourcesBuildPhase;
			buildActionMask = 2147483647;
			files = (
				CE6C695E16F0932E0094CFA1 /* InfoPlist.strings in Resources */,
				CE6C696616F0932E0094CFA1 /* Default.png in Resources */,
				CE6C696816F0932E0094CFA1 /* Default@2x.png in Resources */,
				CE6C696A16F0932E0094CFA1 /* Default-568h@2x.png in Resources */,
				CE6C697016F0932E0094CFA1 /* l2ViewController.xib in Resources */,
			);
			runOnlyForDeploymentPostprocessing = 0;
		};
/* End PBXResourcesBuildPhase section */

/* Begin PBXSourcesBuildPhase section */
		CE6C694C16F0932E0094CFA1 /* Sources */ = {
			isa = PBXSourcesBuildPhase;
			buildActionMask = 2147483647;
			files = (
				CE6C696016F0932E0094CFA1 /* main.m in Sources */,
				CE6C696416F0932E0094CFA1 /* l2AppDelegate.m in Sources */,
				CE6C696D16F0932E0094CFA1 /* l2ViewController.m in Sources */,
			);
			runOnlyForDeploymentPostprocessing = 0;
		};
/* End PBXSourcesBuildPhase section */

/* Begin PBXVariantGroup section */
		CE6C695C16F0932E0094CFA1 /* InfoPlist.strings */ = {
			isa = PBXVariantGroup;
			children = (
				CE6C695D16F0932E0094CFA1 /* en */,
			);
			name = InfoPlist.strings;
			sourceTree = "<group>";
		};
		CE6C696E16F0932E0094CFA1 /* l2ViewController.xib */ = {
			isa = PBXVariantGroup;
			children = (
				CE6C696F16F0932E0094CFA1 /* en */,
			);
			name = l2ViewController.xib;
			sourceTree = "<group>";
		};
/* End PBXVariantGroup section */

/* Begin XCBuildConfiguration section */
		CE6C697116F0932E0094CFA1 /* Debug */ = {
			isa = XCBuildConfiguration;
			buildSettings = {
				ALWAYS_SEARCH_USER_PATHS = NO;
				CLANG_CXX_LANGUAGE_STANDARD = "gnu++0x";
				CLANG_CXX_LIBRARY = "libc++";
				CLANG_WARN_CONSTANT_CONVERSION = YES;
				CLANG_WARN_EMPTY_BODY = YES;
				CLANG_WARN_ENUM_CONVERSION = YES;
				CLANG_WARN_INT_CONVERSION = YES;
				CLANG_WARN__DUPLICATE_METHOD_MATCH = YES;
				"CODE_SIGN_IDENTITY[sdk=iphoneos*]" = "iPhone Developer";
				COPY_PHASE_STRIP = NO;
				GCC_C_LANGUAGE_STANDARD = gnu99;
				GCC_DYNAMIC_NO_PIC = NO;
				GCC_OPTIMIZATION_LEVEL = 0;
				GCC_PREPROCESSOR_DEFINITIONS = (
					"DEBUG=1",
					"$(inherited)",
				);
				GCC_SYMBOLS_PRIVATE_EXTERN = NO;
				GCC_WARN_ABOUT_RETURN_TYPE = YES;
				GCC_WARN_UNINITIALIZED_AUTOS = YES;
				GCC_WARN_UNUSED_VARIABLE = YES;
				IPHONEOS_DEPLOYMENT_TARGET = 6.1;
				ONLY_ACTIVE_ARCH = YES;
				SDKROOT = iphoneos;
			};
			name = Debug;
		};
		CE6C697216F0932E0094CFA1 /* Release */ = {
			isa = XCBuildConfiguration;
			buildSettings = {
				ALWAYS_SEARCH_USER_PATHS = NO;
				CLANG_CXX_LANGUAGE_STANDARD = "gnu++0x";
				CLANG_CXX_LIBRARY = "libc++";
				CLANG_WARN_CONSTANT_CONVERSION = YES;
				CLANG_WARN_EMPTY_BODY = YES;
				CLANG_WARN_ENUM_CONVERSION = YES;
				CLANG_WARN_INT_CONVERSION = YES;
				CLANG_WARN__DUPLICATE_METHOD_MATCH = YES;
				"CODE_SIGN_IDENTITY[sdk=iphoneos*]" = "iPhone Developer";
				COPY_PHASE_STRIP = YES;
				GCC_C_LANGUAGE_STANDARD = gnu99;
				GCC_WARN_ABOUT_RETURN_TYPE = YES;
				GCC_WARN_UNINITIALIZED_AUTOS = YES;
				GCC_WARN_UNUSED_VARIABLE = YES;
				IPHONEOS_DEPLOYMENT_TARGET = 6.1;
				OTHER_CFLAGS = "-DNS_BLOCK_ASSERTIONS=1";
				SDKROOT = iphoneos;
				VALIDATE_PRODUCT = YES;
			};
			name = Release;
		};
		CE6C697416F0932E0094CFA1 /* Debug */ = {
			isa = XCBuildConfiguration;
			buildSettings = {
				GCC_PRECOMPILE_PREFIX_HEADER = YES;
				GCC_PREFIX_HEADER = "l2/l2-Prefix.pch";
				INFOPLIST_FILE = "l2/l2-Info.plist";
				PRODUCT_NAME = "$(TARGET_NAME)";
				WRAPPER_EXTENSION = app;
			};
			name = Debug;
		};
		CE6C697516F0932E0094CFA1 /* Release */ = {
			isa = XCBuildConfiguration;
			buildSettings = {
				GCC_PRECOMPILE_PREFIX_HEADER = YES;
				GCC_PREFIX_HEADER = "l2/l2-Prefix.pch";
				INFOPLIST_FILE = "l2/l2-Info.plist";
				PRODUCT_NAME = "$(TARGET_NAME)";
				WRAPPER_EXTENSION = app;
			};
			name = Release;
		};
/* End XCBuildConfiguration section */

/* Begin XCConfigurationList section */
		CE6C694B16F0932E0094CFA1 /* Build configuration list for PBXProject "l2" */ = {
			isa = XCConfigurationList;
			buildConfigurations = (
				CE6C697116F0932E0094CFA1 /* Debug */,
				CE6C697216F0932E0094CFA1 /* Release */,
			);
			defaultConfigurationIsVisible = 0;
			defaultConfigurationName = Release;
		};
		CE6C697316F0932E0094CFA1 /* Build configuration list for PBXNativeTarget "l2" */ = {
			isa = XCConfigurationList;
			buildConfigurations = (
				CE6C697416F0932E0094CFA1 /* Debug */,
				CE6C697516F0932E0094CFA1 /* Release */,
			);
			defaultConfigurationIsVisible = 0;
		};
/* End XCConfigurationList section */
	};
	rootObject = CE6C694816F0932E0094CFA1 /* Project object */;
}
